
Microsoft Visual Studio Solution File, Format Version 12.00
# Visual Studio Version 17
VisualStudioVersion = 17.9.34616.47
MinimumVisualStudioVersion = 10.0.40219.1
Project("{FAE04EC0-301F-11D3-BF4B-00C04F79EFBC}") = "LAPTemplateMVC", "LAPTemplateMVC.csproj", "{DA3BB02A-7470-4BE7-8410-5EE006692CA0}"
EndProject
Global
	GlobalSection(SolutionConfigurationPlatforms) = preSolution
		Debug|Any CPU = Debug|Any CPU
		Release|Any CPU = Release|Any CPU
	EndGlobalSection
	GlobalSection(ProjectConfigurationPlatforms) = postSolution
		{DA3BB02A-7470-4BE7-8410-5EE006692CA0}.Debug|Any CPU.ActiveCfg = Debug|Any CPU
		{DA3BB02A-7470-4BE7-8410-5EE006692CA0}.Debug|Any CPU.Build.0 = Debug|Any CPU
		{DA3BB02A-7470-4BE7-8410-5EE006692CA0}.Release|Any CPU.ActiveCfg = Release|Any CPU
		{DA3BB02A-7470-4BE7-8410-5EE006692CA0}.Release|Any CPU.Build.0 = Release|Any CPU
	EndGlobalSection
	GlobalSection(SolutionProperties) = preSolution
		HideSolutionNode = FALSE
	EndGlobalSection
	GlobalSection(ExtensibilityGlobals) = postSolution
		SolutionGuid = {265C7406-B851-43AD-B016-94FEED5FFBC1}
	EndGlobalSection
EndGlobal
